
Microsoft Visual Studio Solution File, Format Version 12.00
# Visual Studio Version 16
VisualStudioVersion = 16.0.29411.108
MinimumVisualStudioVersion = 10.0.40219.1
Project("{FAE04EC0-301F-11D3-BF4B-00C04F79EFBC}") = "ISTANBUL KOCAELİ SEYAHAT", "ISTANBUL KOCAELİ SEYAHAT\ISTANBUL KOCAELİ SEYAHAT.csproj", "{3F8E0BA3-66CF-44E6-BC40-3DCBF491DEBE}"
EndProject
Global
	GlobalSection(SolutionConfigurationPlatforms) = preSolution
		Debug|Any CPU = Debug|Any CPU
		Release|Any CPU = Release|Any CPU
	EndGlobalSection
	GlobalSection(ProjectConfigurationPlatforms) = postSolution
		{3F8E0BA3-66CF-44E6-BC40-3DCBF491DEBE}.Debug|Any CPU.ActiveCfg = Debug|Any CPU
		{3F8E0BA3-66CF-44E6-BC40-3DCBF491DEBE}.Debug|Any CPU.Build.0 = Debug|Any CPU
		{3F8E0BA3-66CF-44E6-BC40-3DCBF491DEBE}.Release|Any CPU.ActiveCfg = Release|Any CPU
		{3F8E0BA3-66CF-44E6-BC40-3DCBF491DEBE}.Release|Any CPU.Build.0 = Release|Any CPU
	EndGlobalSection
	GlobalSection(SolutionProperties) = preSolution
		HideSolutionNode = FALSE
	EndGlobalSection
	GlobalSection(ExtensibilityGlobals) = postSolution
		SolutionGuid = {D8381D51-68D0-499E-8D8A-5592AFBF3B5B}
	EndGlobalSection
EndGlobal
